
Microsoft Visual Studio Solution File, Format Version 12.00
# Visual Studio Version 17
VisualStudioVersion = 17.3.32929.385
MinimumVisualStudioVersion = 10.0.40219.1
Project("{FAE04EC0-301F-11D3-BF4B-00C04F79EFBC}") = "UniversityApiBackend", "UniversityApiBackend\UniversityApiBackend.csproj", "{C00E3BEF-9F47-4671-955F-4C1A927EA76F}"
EndProject
Global
	GlobalSection(SolutionConfigurationPlatforms) = preSolution
		Debug|Any CPU = Debug|Any CPU
		Release|Any CPU = Release|Any CPU
	EndGlobalSection
	GlobalSection(ProjectConfigurationPlatforms) = postSolution
		{C00E3BEF-9F47-4671-955F-4C1A927EA76F}.Debug|Any CPU.ActiveCfg = Debug|Any CPU
		{C00E3BEF-9F47-4671-955F-4C1A927EA76F}.Debug|Any CPU.Build.0 = Debug|Any CPU
		{C00E3BEF-9F47-4671-955F-4C1A927EA76F}.Release|Any CPU.ActiveCfg = Release|Any CPU
		{C00E3BEF-9F47-4671-955F-4C1A927EA76F}.Release|Any CPU.Build.0 = Release|Any CPU
	EndGlobalSection
	GlobalSection(SolutionProperties) = preSolution
		HideSolutionNode = FALSE
	EndGlobalSection
	GlobalSection(ExtensibilityGlobals) = postSolution
		SolutionGuid = {EF7034DF-1524-4BFF-ADB7-0B703DB0348F}
	EndGlobalSection
EndGlobal
